
Microsoft Visual Studio Solution File, Format Version 12.00
# Visual Studio Version 17
VisualStudioVersion = 17.14.36518.9 d17.14
MinimumVisualStudioVersion = 10.0.40219.1
Project("{FAE04EC0-301F-11D3-BF4B-00C04F79EFBC}") = "OnlineHealthPortal", "OnlineHealthPortal\OnlineHealthPortal.csproj", "{75E9093D-8B93-4E0A-A1B6-E33418D04038}"
EndProject
Global
	GlobalSection(SolutionConfigurationPlatforms) = preSolution
		Debug|Any CPU = Debug|Any CPU
		Release|Any CPU = Release|Any CPU
	EndGlobalSection
	GlobalSection(ProjectConfigurationPlatforms) = postSolution
		{75E9093D-8B93-4E0A-A1B6-E33418D04038}.Debug|Any CPU.ActiveCfg = Debug|Any CPU
		{75E9093D-8B93-4E0A-A1B6-E33418D04038}.Debug|Any CPU.Build.0 = Debug|Any CPU
		{75E9093D-8B93-4E0A-A1B6-E33418D04038}.Release|Any CPU.ActiveCfg = Release|Any CPU
		{75E9093D-8B93-4E0A-A1B6-E33418D04038}.Release|Any CPU.Build.0 = Release|Any CPU
	EndGlobalSection
	GlobalSection(SolutionProperties) = preSolution
		HideSolutionNode = FALSE
	EndGlobalSection
	GlobalSection(ExtensibilityGlobals) = postSolution
		SolutionGuid = {49243D50-B9F5-4CBE-B130-A5A614CD580D}
	EndGlobalSection
EndGlobal
